
Microsoft Visual Studio Solution File, Format Version 12.00
# Visual Studio Version 17
VisualStudioVersion = 17.14.36511.14
MinimumVisualStudioVersion = 10.0.40219.1
Project("{FAE04EC0-301F-11D3-BF4B-00C04F79EFBC}") = "FoodDeliveryApi", "FoodDeliveryApi.csproj", "{C4AC03B4-C044-E3C8-145C-8B7BEACC5D24}"
EndProject
Project("{FAE04EC0-301F-11D3-BF4B-00C04F79EFBC}") = "FoodDeliveryApi.Tests", "FoodDeliveryApi.Tests\FoodDeliveryApi.Tests.csproj", "{7A837463-DD1B-45D7-8BF0-F7BFDA7A94E8}"
EndProject
Global
	GlobalSection(SolutionConfigurationPlatforms) = preSolution
		Debug|Any CPU = Debug|Any CPU
		Debug|x64 = Debug|x64
		Debug|x86 = Debug|x86
		Release|Any CPU = Release|Any CPU
		Release|x64 = Release|x64
		Release|x86 = Release|x86
	EndGlobalSection
	GlobalSection(ProjectConfigurationPlatforms) = postSolution
		{C4AC03B4-C044-E3C8-145C-8B7BEACC5D24}.Debug|Any CPU.ActiveCfg = Debug|Any CPU
		{C4AC03B4-C044-E3C8-145C-8B7BEACC5D24}.Debug|Any CPU.Build.0 = Debug|Any CPU
		{C4AC03B4-C044-E3C8-145C-8B7BEACC5D24}.Debug|x64.ActiveCfg = Debug|Any CPU
		{C4AC03B4-C044-E3C8-145C-8B7BEACC5D24}.Debug|x64.Build.0 = Debug|Any CPU
		{C4AC03B4-C044-E3C8-145C-8B7BEACC5D24}.Debug|x86.ActiveCfg = Debug|Any CPU
		{C4AC03B4-C044-E3C8-145C-8B7BEACC5D24}.Debug|x86.Build.0 = Debug|Any CPU
		{C4AC03B4-C044-E3C8-145C-8B7BEACC5D24}.Release|Any CPU.ActiveCfg = Release|Any CPU
		{C4AC03B4-C044-E3C8-145C-8B7BEACC5D24}.Release|Any CPU.Build.0 = Release|Any CPU
		{C4AC03B4-C044-E3C8-145C-8B7BEACC5D24}.Release|x64.ActiveCfg = Release|Any CPU
		{C4AC03B4-C044-E3C8-145C-8B7BEACC5D24}.Release|x64.Build.0 = Release|Any CPU
		{C4AC03B4-C044-E3C8-145C-8B7BEACC5D24}.Release|x86.ActiveCfg = Release|Any CPU
		{C4AC03B4-C044-E3C8-145C-8B7BEACC5D24}.Release|x86.Build.0 = Release|Any CPU
		{7A837463-DD1B-45D7-8BF0-F7BFDA7A94E8}.Debug|Any CPU.ActiveCfg = Debug|Any CPU
		{7A837463-DD1B-45D7-8BF0-F7BFDA7A94E8}.Debug|Any CPU.Build.0 = Debug|Any CPU
		{7A837463-DD1B-45D7-8BF0-F7BFDA7A94E8}.Debug|x64.ActiveCfg = Debug|Any CPU
		{7A837463-DD1B-45D7-8BF0-F7BFDA7A94E8}.Debug|x64.Build.0 = Debug|Any CPU
		{7A837463-DD1B-45D7-8BF0-F7BFDA7A94E8}.Debug|x86.ActiveCfg = Debug|Any CPU
		{7A837463-DD1B-45D7-8BF0-F7BFDA7A94E8}.Debug|x86.Build.0 = Debug|Any CPU
		{7A837463-DD1B-45D7-8BF0-F7BFDA7A94E8}.Release|Any CPU.ActiveCfg = Release|Any CPU
		{7A837463-DD1B-45D7-8BF0-F7BFDA7A94E8}.Release|Any CPU.Build.0 = Release|Any CPU
		{7A837463-DD1B-45D7-8BF0-F7BFDA7A94E8}.Release|x64.ActiveCfg = Release|Any CPU
		{7A837463-DD1B-45D7-8BF0-F7BFDA7A94E8}.Release|x64.Build.0 = Release|Any CPU
		{7A837463-DD1B-45D7-8BF0-F7BFDA7A94E8}.Release|x86.ActiveCfg = Release|Any CPU
		{7A837463-DD1B-45D7-8BF0-F7BFDA7A94E8}.Release|x86.Build.0 = Release|Any CPU
	EndGlobalSection
	GlobalSection(SolutionProperties) = preSolution
		HideSolutionNode = FALSE
	EndGlobalSection
	GlobalSection(ExtensibilityGlobals) = postSolution
		SolutionGuid = {A42986C1-A706-41E1-8410-1A3A5816D895}
	EndGlobalSection
EndGlobal
